
Microsoft Visual Studio Solution File, Format Version 12.00
# Visual Studio Version 16
VisualStudioVersion = 16.0.30413.136
MinimumVisualStudioVersion = 10.0.40219.1
Project("{9A19103F-16F7-4668-BE54-9A1E7A4F7556}") = "FormulaEvaluator", "FormulaEvaluator\FormulaEvaluator.csproj", "{05A696E9-51B1-440E-84AF-6DC94000DE9E}"
EndProject
Project("{9A19103F-16F7-4668-BE54-9A1E7A4F7556}") = "FormulaEvaluatorTester", "FormulaEvaluatorTester\FormulaEvaluatorTester.csproj", "{719C8C73-910D-4324-AB4E-C509BB542642}"
EndProject
Project("{9A19103F-16F7-4668-BE54-9A1E7A4F7556}") = "DependencyGraph", "DependencyGraph\DependencyGraph.csproj", "{E6BDF701-A2A2-4CDF-A9C8-E161FB9105BD}"
EndProject
Project("{9A19103F-16F7-4668-BE54-9A1E7A4F7556}") = "DependencyGraphTests", "DependencyGraphTests\DependencyGraphTests.csproj", "{0014A474-C6E0-472C-9D70-28A2E262E4FC}"
EndProject
Project("{9A19103F-16F7-4668-BE54-9A1E7A4F7556}") = "PS1GradingTests", "PS1GradingTests\PS1GradingTests.csproj", "{5AD68E1D-0D1B-4256-95F1-3B971C62EB3E}"
EndProject
Project("{9A19103F-16F7-4668-BE54-9A1E7A4F7556}") = "Formula", "Formula\Formula.csproj", "{88B08554-983E-474C-86CE-5891EDDF8239}"
EndProject
Project("{9A19103F-16F7-4668-BE54-9A1E7A4F7556}") = "FormulaTests", "FormulaTests\FormulaTests.csproj", "{BD5060EE-CA5F-4B1A-ADCA-3569289E4D5E}"
EndProject
Project("{9A19103F-16F7-4668-BE54-9A1E7A4F7556}") = "PS2GradingTests", "PS2GradingTests\PS2GradingTests.csproj", "{8DAF31A4-D134-4147-BD6A-389903819B49}"
EndProject
Project("{9A19103F-16F7-4668-BE54-9A1E7A4F7556}") = "PS3GradingTests", "PS3GradingTests\PS3GradingTests.csproj", "{989A4B79-CAA6-4D93-A6B9-BAF6DEB4A5E4}"
EndProject
Project("{9A19103F-16F7-4668-BE54-9A1E7A4F7556}") = "Spreadsheet", "Spreadsheet\Spreadsheet.csproj", "{E2A5D93C-FE42-4BFE-901D-D5F784C2E500}"
EndProject
Project("{9A19103F-16F7-4668-BE54-9A1E7A4F7556}") = "SpreadsheetTests", "SpreadsheetTests\SpreadsheetTests.csproj", "{F1D8CA3F-7FE2-4CAE-A4F9-163BDE372BE5}"
EndProject
Project("{9A19103F-16F7-4668-BE54-9A1E7A4F7556}") = "PS4GradingTests", "PS4GradingTests\PS4GradingTests.csproj", "{5B022377-639B-4720-80A3-283DF5700712}"
EndProject
Project("{FAE04EC0-301F-11D3-BF4B-00C04F79EFBC}") = "PS5GradingTests", "PS5GradingTests\PS5GradingTests.csproj", "{DA2BBF99-02A9-4F50-9A84-B1046DBDA906}"
EndProject
Global
	GlobalSection(SolutionConfigurationPlatforms) = preSolution
		Debug|Any CPU = Debug|Any CPU
		Release|Any CPU = Release|Any CPU
	EndGlobalSection
	GlobalSection(ProjectConfigurationPlatforms) = postSolution
		{05A696E9-51B1-440E-84AF-6DC94000DE9E}.Debug|Any CPU.ActiveCfg = Debug|Any CPU
		{05A696E9-51B1-440E-84AF-6DC94000DE9E}.Debug|Any CPU.Build.0 = Debug|Any CPU
		{05A696E9-51B1-440E-84AF-6DC94000DE9E}.Release|Any CPU.ActiveCfg = Release|Any CPU
		{05A696E9-51B1-440E-84AF-6DC94000DE9E}.Release|Any CPU.Build.0 = Release|Any CPU
		{719C8C73-910D-4324-AB4E-C509BB542642}.Debug|Any CPU.ActiveCfg = Debug|Any CPU
		{719C8C73-910D-4324-AB4E-C509BB542642}.Debug|Any CPU.Build.0 = Debug|Any CPU
		{719C8C73-910D-4324-AB4E-C509BB542642}.Release|Any CPU.ActiveCfg = Release|Any CPU
		{719C8C73-910D-4324-AB4E-C509BB542642}.Release|Any CPU.Build.0 = Release|Any CPU
		{E6BDF701-A2A2-4CDF-A9C8-E161FB9105BD}.Debug|Any CPU.ActiveCfg = Debug|Any CPU
		{E6BDF701-A2A2-4CDF-A9C8-E161FB9105BD}.Debug|Any CPU.Build.0 = Debug|Any CPU
		{E6BDF701-A2A2-4CDF-A9C8-E161FB9105BD}.Release|Any CPU.ActiveCfg = Release|Any CPU
		{E6BDF701-A2A2-4CDF-A9C8-E161FB9105BD}.Release|Any CPU.Build.0 = Release|Any CPU
		{0014A474-C6E0-472C-9D70-28A2E262E4FC}.Debug|Any CPU.ActiveCfg = Debug|Any CPU
		{0014A474-C6E0-472C-9D70-28A2E262E4FC}.Debug|Any CPU.Build.0 = Debug|Any CPU
		{0014A474-C6E0-472C-9D70-28A2E262E4FC}.Release|Any CPU.ActiveCfg = Release|Any CPU
		{0014A474-C6E0-472C-9D70-28A2E262E4FC}.Release|Any CPU.Build.0 = Release|Any CPU
		{5AD68E1D-0D1B-4256-95F1-3B971C62EB3E}.Debug|Any CPU.ActiveCfg = Debug|Any CPU
		{5AD68E1D-0D1B-4256-95F1-3B971C62EB3E}.Debug|Any CPU.Build.0 = Debug|Any CPU
		{5AD68E1D-0D1B-4256-95F1-3B971C62EB3E}.Release|Any CPU.ActiveCfg = Release|Any CPU
		{5AD68E1D-0D1B-4256-95F1-3B971C62EB3E}.Release|Any CPU.Build.0 = Release|Any CPU
		{88B08554-983E-474C-86CE-5891EDDF8239}.Debug|Any CPU.ActiveCfg = Debug|Any CPU
		{88B08554-983E-474C-86CE-5891EDDF8239}.Debug|Any CPU.Build.0 = Debug|Any CPU
		{88B08554-983E-474C-86CE-5891EDDF8239}.Release|Any CPU.ActiveCfg = Release|Any CPU
		{88B08554-983E-474C-86CE-5891EDDF8239}.Release|Any CPU.Build.0 = Release|Any CPU
		{BD5060EE-CA5F-4B1A-ADCA-3569289E4D5E}.Debug|Any CPU.ActiveCfg = Debug|Any CPU
		{BD5060EE-CA5F-4B1A-ADCA-3569289E4D5E}.Debug|Any CPU.Build.0 = Debug|Any CPU
		{BD5060EE-CA5F-4B1A-ADCA-3569289E4D5E}.Release|Any CPU.ActiveCfg = Release|Any CPU
		{BD5060EE-CA5F-4B1A-ADCA-3569289E4D5E}.Release|Any CPU.Build.0 = Release|Any CPU
		{8DAF31A4-D134-4147-BD6A-389903819B49}.Debug|Any CPU.ActiveCfg = Debug|Any CPU
		{8DAF31A4-D134-4147-BD6A-389903819B49}.Debug|Any CPU.Build.0 = Debug|Any CPU
		{8DAF31A4-D134-4147-BD6A-389903819B49}.Release|Any CPU.ActiveCfg = Release|Any CPU
		{8DAF31A4-D134-4147-BD6A-389903819B49}.Release|Any CPU.Build.0 = Release|Any CPU
		{989A4B79-CAA6-4D93-A6B9-BAF6DEB4A5E4}.Debug|Any CPU.ActiveCfg = Debug|Any CPU
		{989A4B79-CAA6-4D93-A6B9-BAF6DEB4A5E4}.Debug|Any CPU.Build.0 = Debug|Any CPU
		{989A4B79-CAA6-4D93-A6B9-BAF6DEB4A5E4}.Release|Any CPU.ActiveCfg = Release|Any CPU
		{989A4B79-CAA6-4D93-A6B9-BAF6DEB4A5E4}.Release|Any CPU.Build.0 = Release|Any CPU
		{E2A5D93C-FE42-4BFE-901D-D5F784C2E500}.Debug|Any CPU.ActiveCfg = Debug|Any CPU
		{E2A5D93C-FE42-4BFE-901D-D5F784C2E500}.Debug|Any CPU.Build.0 = Debug|Any CPU
		{E2A5D93C-FE42-4BFE-901D-D5F784C2E500}.Release|Any CPU.ActiveCfg = Release|Any CPU
		{E2A5D93C-FE42-4BFE-901D-D5F784C2E500}.Release|Any CPU.Build.0 = Release|Any CPU
		{F1D8CA3F-7FE2-4CAE-A4F9-163BDE372BE5}.Debug|Any CPU.ActiveCfg = Debug|Any CPU
		{F1D8CA3F-7FE2-4CAE-A4F9-163BDE372BE5}.Debug|Any CPU.Build.0 = Debug|Any CPU
		{F1D8CA3F-7FE2-4CAE-A4F9-163BDE372BE5}.Release|Any CPU.ActiveCfg = Release|Any CPU
		{F1D8CA3F-7FE2-4CAE-A4F9-163BDE372BE5}.Release|Any CPU.Build.0 = Release|Any CPU
		{5B022377-639B-4720-80A3-283DF5700712}.Debug|Any CPU.ActiveCfg = Debug|Any CPU
		{5B022377-639B-4720-80A3-283DF5700712}.Debug|Any CPU.Build.0 = Debug|Any CPU
		{5B022377-639B-4720-80A3-283DF5700712}.Release|Any CPU.ActiveCfg = Release|Any CPU
		{5B022377-639B-4720-80A3-283DF5700712}.Release|Any CPU.Build.0 = Release|Any CPU
		{DA2BBF99-02A9-4F50-9A84-B1046DBDA906}.Debug|Any CPU.ActiveCfg = Debug|Any CPU
		{DA2BBF99-02A9-4F50-9A84-B1046DBDA906}.Debug|Any CPU.Build.0 = Debug|Any CPU
		{DA2BBF99-02A9-4F50-9A84-B1046DBDA906}.Release|Any CPU.ActiveCfg = Release|Any CPU
		{DA2BBF99-02A9-4F50-9A84-B1046DBDA906}.Release|Any CPU.Build.0 = Release|Any CPU
	EndGlobalSection
	GlobalSection(SolutionProperties) = preSolution
		HideSolutionNode = FALSE
	EndGlobalSection
	GlobalSection(ExtensibilityGlobals) = postSolution
		SolutionGuid = {BDC004CC-EAFC-4EC6-A6E4-99A15C3ECA85}
	EndGlobalSection
EndGlobal
